
Microsoft Visual Studio Solution File, Format Version 11.00
# Visual Studio 2010
Project("{8BC9CEB8-8B4A-11D0-8D11-00A0C91BC942}") = "Hello_libEvent", "Hello_libEvent\Hello_libEvent.vcxproj", "{ADE609A8-0E91-4D85-B44A-5B20B88FE1F6}"
EndProject
Global
	GlobalSection(SolutionConfigurationPlatforms) = preSolution
		Debug|Win32 = Debug|Win32
		Release|Win32 = Release|Win32
	EndGlobalSection
	GlobalSection(ProjectConfigurationPlatforms) = postSolution
		{ADE609A8-0E91-4D85-B44A-5B20B88FE1F6}.Debug|Win32.ActiveCfg = Debug|Win32
		{ADE609A8-0E91-4D85-B44A-5B20B88FE1F6}.Debug|Win32.Build.0 = Debug|Win32
		{ADE609A8-0E91-4D85-B44A-5B20B88FE1F6}.Release|Win32.ActiveCfg = Release|Win32
		{ADE609A8-0E91-4D85-B44A-5B20B88FE1F6}.Release|Win32.Build.0 = Release|Win32
	EndGlobalSection
	GlobalSection(SolutionProperties) = preSolution
		HideSolutionNode = FALSE
	EndGlobalSection
EndGlobal
